// !$*UTF8*$!
{
	archiveVersion = 1;
	classes = {
	};
	objectVersion = 45;
	objects = {

/* Begin PBXBuildFile section */
		07236F3612519EA10043DF0E /* TextActions in CopyFiles */ = {isa = PBXBuildFile; fileRef = 07D0AAAE12518FED00906971 /* TextActions */; };
		07236F3712519EA10043DF0E /* Test in CopyFiles */ = {isa = PBXBuildFile; fileRef = 075CF8EA1251001500BB8F8F /* Test */; };
		07236F3812519EA10043DF0E /* ContextualSettings in CopyFiles */ = {isa = PBXBuildFile; fileRef = 075CF8EB1251001500BB8F8F /* ContextualSettings */; };
		07236F3912519EA10043DF0E /* Itemizers in CopyFiles */ = {isa = PBXBuildFile; fileRef = 075CF8ED1251001500BB8F8F /* Itemizers */; };
		07236F3A12519EA10043DF0E /* Languages.xml in CopyFiles */ = {isa = PBXBuildFile; fileRef = 075CF8EE1251001500BB8F8F /* Languages.xml */; };
		07236F3B12519EA10043DF0E /* README in CopyFiles */ = {isa = PBXBuildFile; fileRef = 075CF8EF1251001500BB8F8F /* README */; };
		07236F3C12519EA10043DF0E /* Syntaxes in CopyFiles */ = {isa = PBXBuildFile; fileRef = 075CF8F01251001500BB8F8F /* Syntaxes */; };
		07236F3D12519EA10043DF0E /* SyntaxInjections in CopyFiles */ = {isa = PBXBuildFile; fileRef = 075CF8F11251001500BB8F8F /* SyntaxInjections */; };
		07236F3E12519EA10043DF0E /* Info.plist in CopyFiles */ = {isa = PBXBuildFile; fileRef = 075CF8B71250FF7E00BB8F8F /* Info.plist */; };
		078ED46212537EB2008BB256 /* CJZoneTree.m in Sources */ = {isa = PBXBuildFile; fileRef = 078ED44512537EB2008BB256 /* CJZoneTree.m */; };
		078ED46312537EB2008BB256 /* OnigRegexp.m in Sources */ = {isa = PBXBuildFile; fileRef = 078ED44812537EB2008BB256 /* OnigRegexp.m */; };
		078ED46412537EB2008BB256 /* OnigRegexpUtility.m in Sources */ = {isa = PBXBuildFile; fileRef = 078ED44A12537EB2008BB256 /* OnigRegexpUtility.m */; };
		078ED46512537EB2008BB256 /* COPYING in Resources */ = {isa = PBXBuildFile; fileRef = 078ED44D12537EB2008BB256 /* COPYING */; };
		078ED46612537EB2008BB256 /* ascii.c in Sources */ = {isa = PBXBuildFile; fileRef = 078ED44F12537EB2008BB256 /* ascii.c */; };
		078ED46712537EB2008BB256 /* unicode.c in Sources */ = {isa = PBXBuildFile; fileRef = 078ED45012537EB2008BB256 /* unicode.c */; };
		078ED46812537EB2008BB256 /* utf16_le.c in Sources */ = {isa = PBXBuildFile; fileRef = 078ED45112537EB2008BB256 /* utf16_le.c */; };
		078ED46912537EB2008BB256 /* regcomp.c in Sources */ = {isa = PBXBuildFile; fileRef = 078ED45312537EB2008BB256 /* regcomp.c */; };
		078ED46A12537EB2008BB256 /* regenc.c in Sources */ = {isa = PBXBuildFile; fileRef = 078ED45412537EB2008BB256 /* regenc.c */; };
		078ED46B12537EB2008BB256 /* regerror.c in Sources */ = {isa = PBXBuildFile; fileRef = 078ED45612537EB2008BB256 /* regerror.c */; };
		078ED46C12537EB2008BB256 /* regexec.c in Sources */ = {isa = PBXBuildFile; fileRef = 078ED45712537EB2008BB256 /* regexec.c */; };
		078ED46D12537EB2008BB256 /* regext.c in Sources */ = {isa = PBXBuildFile; fileRef = 078ED45812537EB2008BB256 /* regext.c */; };
		078ED46E12537EB2008BB256 /* regparse.c in Sources */ = {isa = PBXBuildFile; fileRef = 078ED45A12537EB2008BB256 /* regparse.c */; };
		078ED46F12537EB2008BB256 /* regsyntax.c in Sources */ = {isa = PBXBuildFile; fileRef = 078ED45C12537EB2008BB256 /* regsyntax.c */; };
		078ED47012537EB2008BB256 /* regtrav.c in Sources */ = {isa = PBXBuildFile; fileRef = 078ED45D12537EB2008BB256 /* regtrav.c */; };
		078ED47112537EB2008BB256 /* regversion.c in Sources */ = {isa = PBXBuildFile; fileRef = 078ED45E12537EB2008BB256 /* regversion.c */; };
		078ED47212537EB2008BB256 /* st.c in Sources */ = {isa = PBXBuildFile; fileRef = 078ED45F12537EB2008BB256 /* st.c */; };
/* End PBXBuildFile section */

/* Begin PBXCopyFilesBuildPhase section */
		07236F4912519EE40043DF0E /* CopyFiles */ = {
			isa = PBXCopyFilesBuildPhase;
			buildActionMask = 2147483647;
			dstPath = "";
			dstSubfolderSpec = 1;
			files = (
				07236F3612519EA10043DF0E /* TextActions in CopyFiles */,
				07236F3712519EA10043DF0E /* Test in CopyFiles */,
				07236F3812519EA10043DF0E /* ContextualSettings in CopyFiles */,
				07236F3912519EA10043DF0E /* Itemizers in CopyFiles */,
				07236F3A12519EA10043DF0E /* Languages.xml in CopyFiles */,
				07236F3B12519EA10043DF0E /* README in CopyFiles */,
				07236F3C12519EA10043DF0E /* Syntaxes in CopyFiles */,
				07236F3D12519EA10043DF0E /* SyntaxInjections in CopyFiles */,
				07236F3E12519EA10043DF0E /* Info.plist in CopyFiles */,
			);
			runOnlyForDeploymentPostprocessing = 0;
		};
/* End PBXCopyFilesBuildPhase section */

/* Begin PBXFileReference section */
		07236ED012519C090043DF0E /* clojure.sugar-Info.plist */ = {isa = PBXFileReference; lastKnownFileType = text.plist.xml; path = "clojure.sugar-Info.plist"; sourceTree = "<group>"; };
		07236F2112519E720043DF0E /* clojure.sugar */ = {isa = PBXFileReference; explicitFileType = wrapper.cfbundle; includeInIndex = 0; path = clojure.sugar; sourceTree = BUILT_PRODUCTS_DIR; };
		07236F2212519E720043DF0E /* clojure-Info.plist */ = {isa = PBXFileReference; lastKnownFileType = text.plist.xml; path = "clojure-Info.plist"; sourceTree = "<group>"; };
		075CF8B71250FF7E00BB8F8F /* Info.plist */ = {isa = PBXFileReference; fileEncoding = 4; lastKnownFileType = text.plist.xml; path = Info.plist; sourceTree = "<group>"; };
		075CF8EA1251001500BB8F8F /* Test */ = {isa = PBXFileReference; lastKnownFileType = folder; path = Test; sourceTree = "<group>"; };
		075CF8EB1251001500BB8F8F /* ContextualSettings */ = {isa = PBXFileReference; lastKnownFileType = folder; path = ContextualSettings; sourceTree = "<group>"; };
		075CF8ED1251001500BB8F8F /* Itemizers */ = {isa = PBXFileReference; lastKnownFileType = folder; path = Itemizers; sourceTree = "<group>"; };
		075CF8EE1251001500BB8F8F /* Languages.xml */ = {isa = PBXFileReference; fileEncoding = 4; lastKnownFileType = text.xml; path = Languages.xml; sourceTree = "<group>"; };
		075CF8EF1251001500BB8F8F /* README */ = {isa = PBXFileReference; fileEncoding = 4; lastKnownFileType = text; path = README; sourceTree = "<group>"; };
		075CF8F01251001500BB8F8F /* Syntaxes */ = {isa = PBXFileReference; lastKnownFileType = folder; path = Syntaxes; sourceTree = "<group>"; };
		075CF8F11251001500BB8F8F /* SyntaxInjections */ = {isa = PBXFileReference; lastKnownFileType = folder; path = SyntaxInjections; sourceTree = "<group>"; };
		078ED44412537EB2008BB256 /* CJZoneTree.h */ = {isa = PBXFileReference; fileEncoding = 4; lastKnownFileType = sourcecode.c.h; path = CJZoneTree.h; sourceTree = "<group>"; };
		078ED44512537EB2008BB256 /* CJZoneTree.m */ = {isa = PBXFileReference; fileEncoding = 4; lastKnownFileType = sourcecode.c.objc; path = CJZoneTree.m; sourceTree = "<group>"; };
		078ED44712537EB2008BB256 /* OnigRegexp.h */ = {isa = PBXFileReference; fileEncoding = 4; lastKnownFileType = sourcecode.c.h; path = OnigRegexp.h; sourceTree = "<group>"; };
		078ED44812537EB2008BB256 /* OnigRegexp.m */ = {isa = PBXFileReference; fileEncoding = 4; lastKnownFileType = sourcecode.c.objc; path = OnigRegexp.m; sourceTree = "<group>"; };
		078ED44912537EB2008BB256 /* OnigRegexpUtility.h */ = {isa = PBXFileReference; fileEncoding = 4; lastKnownFileType = sourcecode.c.h; path = OnigRegexpUtility.h; sourceTree = "<group>"; };
		078ED44A12537EB2008BB256 /* OnigRegexpUtility.m */ = {isa = PBXFileReference; fileEncoding = 4; lastKnownFileType = sourcecode.c.objc; path = OnigRegexpUtility.m; sourceTree = "<group>"; };
		078ED44C12537EB2008BB256 /* config.h */ = {isa = PBXFileReference; fileEncoding = 4; lastKnownFileType = sourcecode.c.h; path = config.h; sourceTree = "<group>"; };
		078ED44D12537EB2008BB256 /* COPYING */ = {isa = PBXFileReference; fileEncoding = 4; lastKnownFileType = text; path = COPYING; sourceTree = "<group>"; };
		078ED44F12537EB2008BB256 /* ascii.c */ = {isa = PBXFileReference; fileEncoding = 4; lastKnownFileType = sourcecode.c.c; path = ascii.c; sourceTree = "<group>"; };
		078ED45012537EB2008BB256 /* unicode.c */ = {isa = PBXFileReference; fileEncoding = 4; lastKnownFileType = sourcecode.c.c; path = unicode.c; sourceTree = "<group>"; };
		078ED45112537EB2008BB256 /* utf16_le.c */ = {isa = PBXFileReference; fileEncoding = 4; lastKnownFileType = sourcecode.c.c; path = utf16_le.c; sourceTree = "<group>"; };
		078ED45212537EB2008BB256 /* oniguruma.h */ = {isa = PBXFileReference; fileEncoding = 4; lastKnownFileType = sourcecode.c.h; path = oniguruma.h; sourceTree = "<group>"; };
		078ED45312537EB2008BB256 /* regcomp.c */ = {isa = PBXFileReference; fileEncoding = 4; lastKnownFileType = sourcecode.c.c; path = regcomp.c; sourceTree = "<group>"; };
		078ED45412537EB2008BB256 /* regenc.c */ = {isa = PBXFileReference; fileEncoding = 4; lastKnownFileType = sourcecode.c.c; path = regenc.c; sourceTree = "<group>"; };
		078ED45512537EB2008BB256 /* regenc.h */ = {isa = PBXFileReference; fileEncoding = 4; lastKnownFileType = sourcecode.c.h; path = regenc.h; sourceTree = "<group>"; };
		078ED45612537EB2008BB256 /* regerror.c */ = {isa = PBXFileReference; fileEncoding = 4; lastKnownFileType = sourcecode.c.c; path = regerror.c; sourceTree = "<group>"; };
		078ED45712537EB2008BB256 /* regexec.c */ = {isa = PBXFileReference; fileEncoding = 4; lastKnownFileType = sourcecode.c.c; path = regexec.c; sourceTree = "<group>"; };
		078ED45812537EB2008BB256 /* regext.c */ = {isa = PBXFileReference; fileEncoding = 4; lastKnownFileType = sourcecode.c.c; path = regext.c; sourceTree = "<group>"; };
		078ED45912537EB2008BB256 /* regint.h */ = {isa = PBXFileReference; fileEncoding = 4; lastKnownFileType = sourcecode.c.h; path = regint.h; sourceTree = "<group>"; };
		078ED45A12537EB2008BB256 /* regparse.c */ = {isa = PBXFileReference; fileEncoding = 4; lastKnownFileType = sourcecode.c.c; path = regparse.c; sourceTree = "<group>"; };
		078ED45B12537EB2008BB256 /* regparse.h */ = {isa = PBXFileReference; fileEncoding = 4; lastKnownFileType = sourcecode.c.h; path = regparse.h; sourceTree = "<group>"; };
		078ED45C12537EB2008BB256 /* regsyntax.c */ = {isa = PBXFileReference; fileEncoding = 4; lastKnownFileType = sourcecode.c.c; path = regsyntax.c; sourceTree = "<group>"; };
		078ED45D12537EB2008BB256 /* regtrav.c */ = {isa = PBXFileReference; fileEncoding = 4; lastKnownFileType = sourcecode.c.c; path = regtrav.c; sourceTree = "<group>"; };
		078ED45E12537EB2008BB256 /* regversion.c */ = {isa = PBXFileReference; fileEncoding = 4; lastKnownFileType = sourcecode.c.c; path = regversion.c; sourceTree = "<group>"; };
		078ED45F12537EB2008BB256 /* st.c */ = {isa = PBXFileReference; fileEncoding = 4; lastKnownFileType = sourcecode.c.c; path = st.c; sourceTree = "<group>"; };
		078ED46012537EB2008BB256 /* st.h */ = {isa = PBXFileReference; fileEncoding = 4; lastKnownFileType = sourcecode.c.h; path = st.h; sourceTree = "<group>"; };
		07D0AAAE12518FED00906971 /* TextActions */ = {isa = PBXFileReference; lastKnownFileType = folder; path = TextActions; sourceTree = "<group>"; };
		089C1672FE841209C02AAC07 /* Foundation.framework */ = {isa = PBXFileReference; lastKnownFileType = wrapper.framework; name = Foundation.framework; path = /System/Library/Frameworks/Foundation.framework; sourceTree = "<absolute>"; };
		089C167EFE841241C02AAC07 /* English */ = {isa = PBXFileReference; fileEncoding = 10; lastKnownFileType = text.plist.strings; name = English; path = English.lproj/InfoPlist.strings; sourceTree = "<group>"; };
		089C167FFE841241C02AAC07 /* AppKit.framework */ = {isa = PBXFileReference; lastKnownFileType = wrapper.framework; name = AppKit.framework; path = /System/Library/Frameworks/AppKit.framework; sourceTree = "<absolute>"; };
		1058C7ADFEA557BF11CA2CBB /* Cocoa.framework */ = {isa = PBXFileReference; lastKnownFileType = wrapper.framework; name = Cocoa.framework; path = /System/Library/Frameworks/Cocoa.framework; sourceTree = "<absolute>"; };
		32DBCF630370AF2F00C91783 /* clojure_Prefix.pch */ = {isa = PBXFileReference; fileEncoding = 4; lastKnownFileType = sourcecode.c.h; path = clojure_Prefix.pch; sourceTree = "<group>"; };
		8D5B49B7048680CD000E48DA /* Info.plist */ = {isa = PBXFileReference; fileEncoding = 4; lastKnownFileType = text.plist.xml; path = Info.plist; sourceTree = "<group>"; };
		D2F7E65807B2D6F200F64583 /* CoreData.framework */ = {isa = PBXFileReference; lastKnownFileType = wrapper.framework; name = CoreData.framework; path = /System/Library/Frameworks/CoreData.framework; sourceTree = "<absolute>"; };
/* End PBXFileReference section */

/* Begin PBXFrameworksBuildPhase section */
		07236F1F12519E720043DF0E /* Frameworks */ = {
			isa = PBXFrameworksBuildPhase;
			buildActionMask = 2147483647;
			files = (
			);
			runOnlyForDeploymentPostprocessing = 0;
		};
/* End PBXFrameworksBuildPhase section */

/* Begin PBXGroup section */
		078ED44112537EB2008BB256 /* Classes */ = {
			isa = PBXGroup;
			children = (
				078ED44412537EB2008BB256 /* CJZoneTree.h */,
				078ED44512537EB2008BB256 /* CJZoneTree.m */,
				078ED44612537EB2008BB256 /* CocoaOniguruma */,
			);
			path = Classes;
			sourceTree = "<group>";
		};
		078ED44612537EB2008BB256 /* CocoaOniguruma */ = {
			isa = PBXGroup;
			children = (
				078ED44712537EB2008BB256 /* OnigRegexp.h */,
				078ED44812537EB2008BB256 /* OnigRegexp.m */,
				078ED44912537EB2008BB256 /* OnigRegexpUtility.h */,
				078ED44A12537EB2008BB256 /* OnigRegexpUtility.m */,
				078ED44B12537EB2008BB256 /* oniguruma */,
			);
			path = CocoaOniguruma;
			sourceTree = "<group>";
		};
		078ED44B12537EB2008BB256 /* oniguruma */ = {
			isa = PBXGroup;
			children = (
				078ED44C12537EB2008BB256 /* config.h */,
				078ED44D12537EB2008BB256 /* COPYING */,
				078ED44E12537EB2008BB256 /* enc */,
				078ED45212537EB2008BB256 /* oniguruma.h */,
				078ED45312537EB2008BB256 /* regcomp.c */,
				078ED45412537EB2008BB256 /* regenc.c */,
				078ED45512537EB2008BB256 /* regenc.h */,
				078ED45612537EB2008BB256 /* regerror.c */,
				078ED45712537EB2008BB256 /* regexec.c */,
				078ED45812537EB2008BB256 /* regext.c */,
				078ED45912537EB2008BB256 /* regint.h */,
				078ED45A12537EB2008BB256 /* regparse.c */,
				078ED45B12537EB2008BB256 /* regparse.h */,
				078ED45C12537EB2008BB256 /* regsyntax.c */,
				078ED45D12537EB2008BB256 /* regtrav.c */,
				078ED45E12537EB2008BB256 /* regversion.c */,
				078ED45F12537EB2008BB256 /* st.c */,
				078ED46012537EB2008BB256 /* st.h */,
			);
			path = oniguruma;
			sourceTree = "<group>";
		};
		078ED44E12537EB2008BB256 /* enc */ = {
			isa = PBXGroup;
			children = (
				078ED44F12537EB2008BB256 /* ascii.c */,
				078ED45012537EB2008BB256 /* unicode.c */,
				078ED45112537EB2008BB256 /* utf16_le.c */,
			);
			path = enc;
			sourceTree = "<group>";
		};
		089C166AFE841209C02AAC07 /* clojure */ = {
			isa = PBXGroup;
			children = (
				07D0AAAE12518FED00906971 /* TextActions */,
				075CF8EA1251001500BB8F8F /* Test */,
				075CF8EB1251001500BB8F8F /* ContextualSettings */,
				075CF8ED1251001500BB8F8F /* Itemizers */,
				075CF8EE1251001500BB8F8F /* Languages.xml */,
				075CF8EF1251001500BB8F8F /* README */,
				075CF8F01251001500BB8F8F /* Syntaxes */,
				075CF8F11251001500BB8F8F /* SyntaxInjections */,
				075CF8B71250FF7E00BB8F8F /* Info.plist */,
				078ED44112537EB2008BB256 /* Classes */,
				32C88E010371C26100C91783 /* Other Sources */,
				089C167CFE841241C02AAC07 /* Resources */,
				089C1671FE841209C02AAC07 /* External Frameworks and Libraries */,
				19C28FB8FE9D52D311CA2CBB /* Products */,
				07236ED012519C090043DF0E /* clojure.sugar-Info.plist */,
				07236F2212519E720043DF0E /* clojure-Info.plist */,
			);
			name = clojure;
			sourceTree = "<group>";
		};
		089C1671FE841209C02AAC07 /* External Frameworks and Libraries */ = {
			isa = PBXGroup;
			children = (
				1058C7ACFEA557BF11CA2CBB /* Linked Frameworks */,
				1058C7AEFEA557BF11CA2CBB /* Other Frameworks */,
			);
			name = "External Frameworks and Libraries";
			sourceTree = "<group>";
		};
		089C167CFE841241C02AAC07 /* Resources */ = {
			isa = PBXGroup;
			children = (
				8D5B49B7048680CD000E48DA /* Info.plist */,
				089C167DFE841241C02AAC07 /* InfoPlist.strings */,
			);
			name = Resources;
			sourceTree = "<group>";
		};
		1058C7ACFEA557BF11CA2CBB /* Linked Frameworks */ = {
			isa = PBXGroup;
			children = (
				1058C7ADFEA557BF11CA2CBB /* Cocoa.framework */,
			);
			name = "Linked Frameworks";
			sourceTree = "<group>";
		};
		1058C7AEFEA557BF11CA2CBB /* Other Frameworks */ = {
			isa = PBXGroup;
			children = (
				089C167FFE841241C02AAC07 /* AppKit.framework */,
				D2F7E65807B2D6F200F64583 /* CoreData.framework */,
				089C1672FE841209C02AAC07 /* Foundation.framework */,
			);
			name = "Other Frameworks";
			sourceTree = "<group>";
		};
		19C28FB8FE9D52D311CA2CBB /* Products */ = {
			isa = PBXGroup;
			children = (
				07236F2112519E720043DF0E /* clojure.sugar */,
			);
			name = Products;
			sourceTree = "<group>";
		};
		32C88E010371C26100C91783 /* Other Sources */ = {
			isa = PBXGroup;
			children = (
				32DBCF630370AF2F00C91783 /* clojure_Prefix.pch */,
			);
			name = "Other Sources";
			sourceTree = "<group>";
		};
/* End PBXGroup section */

/* Begin PBXNativeTarget section */
		07236F2012519E720043DF0E /* clojure */ = {
			isa = PBXNativeTarget;
			buildConfigurationList = 07236F2512519E740043DF0E /* Build configuration list for PBXNativeTarget "clojure" */;
			buildPhases = (
				07236F4912519EE40043DF0E /* CopyFiles */,
				07236F1D12519E720043DF0E /* Resources */,
				07236F1E12519E720043DF0E /* Sources */,
				07236F1F12519E720043DF0E /* Frameworks */,
			);
			buildRules = (
			);
			dependencies = (
			);
			name = clojure;
			productName = clojure;
			productReference = 07236F2112519E720043DF0E /* clojure.sugar */;
			productType = "com.apple.product-type.bundle";
		};
/* End PBXNativeTarget section */

/* Begin PBXProject section */
		089C1669FE841209C02AAC07 /* Project object */ = {
			isa = PBXProject;
			buildConfigurationList = 1DEB913E08733D840010E9CD /* Build configuration list for PBXProject "clojure" */;
			compatibilityVersion = "Xcode 3.1";
			hasScannedForEncodings = 1;
			mainGroup = 089C166AFE841209C02AAC07 /* clojure */;
			projectDirPath = "";
			projectRoot = "";
			targets = (
				07236F2012519E720043DF0E /* clojure */,
			);
		};
/* End PBXProject section */

/* Begin PBXResourcesBuildPhase section */
		07236F1D12519E720043DF0E /* Resources */ = {
			isa = PBXResourcesBuildPhase;
			buildActionMask = 2147483647;
			files = (
				078ED46512537EB2008BB256 /* COPYING in Resources */,
			);
			runOnlyForDeploymentPostprocessing = 0;
		};
/* End PBXResourcesBuildPhase section */

/* Begin PBXSourcesBuildPhase section */
		07236F1E12519E720043DF0E /* Sources */ = {
			isa = PBXSourcesBuildPhase;
			buildActionMask = 2147483647;
			files = (
				078ED46212537EB2008BB256 /* CJZoneTree.m in Sources */,
				078ED46312537EB2008BB256 /* OnigRegexp.m in Sources */,
				078ED46412537EB2008BB256 /* OnigRegexpUtility.m in Sources */,
				078ED46612537EB2008BB256 /* ascii.c in Sources */,
				078ED46712537EB2008BB256 /* unicode.c in Sources */,
				078ED46812537EB2008BB256 /* utf16_le.c in Sources */,
				078ED46912537EB2008BB256 /* regcomp.c in Sources */,
				078ED46A12537EB2008BB256 /* regenc.c in Sources */,
				078ED46B12537EB2008BB256 /* regerror.c in Sources */,
				078ED46C12537EB2008BB256 /* regexec.c in Sources */,
				078ED46D12537EB2008BB256 /* regext.c in Sources */,
				078ED46E12537EB2008BB256 /* regparse.c in Sources */,
				078ED46F12537EB2008BB256 /* regsyntax.c in Sources */,
				078ED47012537EB2008BB256 /* regtrav.c in Sources */,
				078ED47112537EB2008BB256 /* regversion.c in Sources */,
				078ED47212537EB2008BB256 /* st.c in Sources */,
			);
			runOnlyForDeploymentPostprocessing = 0;
		};
/* End PBXSourcesBuildPhase section */

/* Begin PBXVariantGroup section */
		089C167DFE841241C02AAC07 /* InfoPlist.strings */ = {
			isa = PBXVariantGroup;
			children = (
				089C167EFE841241C02AAC07 /* English */,
			);
			name = InfoPlist.strings;
			sourceTree = "<group>";
		};
/* End PBXVariantGroup section */

/* Begin XCBuildConfiguration section */
		07236F2312519E730043DF0E /* Debug */ = {
			isa = XCBuildConfiguration;
			buildSettings = {
				ALWAYS_SEARCH_USER_PATHS = NO;
				COPY_PHASE_STRIP = NO;
				GCC_DYNAMIC_NO_PIC = NO;
				GCC_ENABLE_FIX_AND_CONTINUE = YES;
				GCC_MODEL_TUNING = G5;
				GCC_OPTIMIZATION_LEVEL = 0;
				GCC_PRECOMPILE_PREFIX_HEADER = YES;
				GCC_PREFIX_HEADER = "$(SYSTEM_LIBRARY_DIR)/Frameworks/AppKit.framework/Headers/AppKit.h";
				INFOPLIST_FILE = "clojure-Info.plist";
				INSTALL_PATH = "$(HOME)/Library/Bundles";
				MACH_O_TYPE = mh_bundle;
				OTHER_LDFLAGS = (
					"-framework",
					Foundation,
					"-framework",
					AppKit,
				);
				PREBINDING = NO;
				PRODUCT_NAME = clojure;
				WRAPPER_EXTENSION = sugar;
			};
			name = Debug;
		};
		07236F2412519E730043DF0E /* Release */ = {
			isa = XCBuildConfiguration;
			buildSettings = {
				ALWAYS_SEARCH_USER_PATHS = NO;
				COPY_PHASE_STRIP = YES;
				DEBUG_INFORMATION_FORMAT = "dwarf-with-dsym";
				GCC_ENABLE_FIX_AND_CONTINUE = NO;
				GCC_MODEL_TUNING = G5;
				GCC_PRECOMPILE_PREFIX_HEADER = YES;
				GCC_PREFIX_HEADER = "$(SYSTEM_LIBRARY_DIR)/Frameworks/AppKit.framework/Headers/AppKit.h";
				INFOPLIST_FILE = "clojure-Info.plist";
				INSTALL_PATH = "$(HOME)/Library/Bundles";
				MACH_O_TYPE = mh_bundle;
				OTHER_LDFLAGS = (
					"-framework",
					Foundation,
					"-framework",
					AppKit,
				);
				PREBINDING = NO;
				PRODUCT_NAME = clojure;
				WRAPPER_EXTENSION = sugar;
				ZERO_LINK = NO;
			};
			name = Release;
		};
		1DEB913F08733D840010E9CD /* Debug */ = {
			isa = XCBuildConfiguration;
			buildSettings = {
				APPLICATION_PATH = /Applications/Espresso.app;
				ARCHS = "$(ARCHS_STANDARD_32_BIT)";
				BUNDLE_LOADER = "$(APPLICATION_PATH)/Contents/MacOS/Espresso";
				DEBUG_INFORMATION_FORMAT = "dwarf-with-dsym";
				GCC_C_LANGUAGE_STANDARD = c99;
				GCC_OPTIMIZATION_LEVEL = 0;
				GCC_PFE_FILE_C_DIALECTS = "objective-c c++ objective-c++";
				GCC_WARN_ABOUT_RETURN_TYPE = YES;
				GCC_WARN_UNUSED_VARIABLE = YES;
				HEADER_SEARCH_PATHS = /Applications/Espresso.app/Contents/Headers;
				LINK_WITH_STANDARD_LIBRARIES = YES;
				MACH_O_TYPE = mh_dylib;
				ONLY_ACTIVE_ARCH = YES;
				OTHER_CFLAGS = "";
				PREBINDING = NO;
				PRELINK_LIBS = "";
				SDKROOT = macosx10.5;
			};
			name = Debug;
		};
		1DEB914008733D840010E9CD /* Release */ = {
			isa = XCBuildConfiguration;
			buildSettings = {
				APPLICATION_PATH = /Applications/Espresso.app;
				ARCHS = "$(ARCHS_STANDARD_32_BIT)";
				BUNDLE_LOADER = "$(APPLICATION_PATH)/Contents/MacOS/Espresso";
				CONFIGURATION_BUILD_DIR = "$(BUILD_DIR)/$(CONFIGURATION)$(EFFECTIVE_PLATFORM_NAME)";
				CONFIGURATION_TEMP_DIR = "$(PROJECT_TEMP_DIR)/$(CONFIGURATION)$(EFFECTIVE_PLATFORM_NAME)";
				DEBUG_INFORMATION_FORMAT = "dwarf-with-dsym";
				DYLIB_COMPATIBILITY_VERSION = 1;
				DYLIB_CURRENT_VERSION = 1;
				GCC_C_LANGUAGE_STANDARD = c99;
				GCC_PFE_FILE_C_DIALECTS = "objective-c c++ objective-c++";
				GCC_WARN_ABOUT_RETURN_TYPE = YES;
				GCC_WARN_UNUSED_VARIABLE = YES;
				HEADER_SEARCH_PATHS = /Applications/Espresso.app/Contents/Headers;
				LINK_WITH_STANDARD_LIBRARIES = YES;
				MACH_O_TYPE = mh_dylib;
				OTHER_CFLAGS = "";
				PREBINDING = NO;
				PRELINK_LIBS = "";
				SDKROOT = macosx10.5;
				STRIP_STYLE = debugging;
			};
			name = Release;
		};
/* End XCBuildConfiguration section */

/* Begin XCConfigurationList section */
		07236F2512519E740043DF0E /* Build configuration list for PBXNativeTarget "clojure" */ = {
			isa = XCConfigurationList;
			buildConfigurations = (
				07236F2312519E730043DF0E /* Debug */,
				07236F2412519E730043DF0E /* Release */,
			);
			defaultConfigurationIsVisible = 0;
			defaultConfigurationName = Release;
		};
		1DEB913E08733D840010E9CD /* Build configuration list for PBXProject "clojure" */ = {
			isa = XCConfigurationList;
			buildConfigurations = (
				1DEB913F08733D840010E9CD /* Debug */,
				1DEB914008733D840010E9CD /* Release */,
			);
			defaultConfigurationIsVisible = 0;
			defaultConfigurationName = Release;
		};
/* End XCConfigurationList section */
	};
	rootObject = 089C1669FE841209C02AAC07 /* Project object */;
}
